
Microsoft Visual Studio Solution File, Format Version 12.00
# Visual Studio Version 16
VisualStudioVersion = 16.0.30114.105
MinimumVisualStudioVersion = 10.0.40219.1
Project("{FAE04EC0-301F-11D3-BF4B-00C04F79EFBC}") = "lab1", "lab1\lab1.csproj", "{71691949-B873-4D00-9992-EB5BAB1E8EDF}"
EndProject
Global
	GlobalSection(SolutionConfigurationPlatforms) = preSolution
		Debug|Any CPU = Debug|Any CPU
		Release|Any CPU = Release|Any CPU
	EndGlobalSection
	GlobalSection(ProjectConfigurationPlatforms) = postSolution
		{71691949-B873-4D00-9992-EB5BAB1E8EDF}.Debug|Any CPU.ActiveCfg = Debug|Any CPU
		{71691949-B873-4D00-9992-EB5BAB1E8EDF}.Debug|Any CPU.Build.0 = Debug|Any CPU
		{71691949-B873-4D00-9992-EB5BAB1E8EDF}.Release|Any CPU.ActiveCfg = Release|Any CPU
		{71691949-B873-4D00-9992-EB5BAB1E8EDF}.Release|Any CPU.Build.0 = Release|Any CPU
	EndGlobalSection
	GlobalSection(SolutionProperties) = preSolution
		HideSolutionNode = FALSE
	EndGlobalSection
	GlobalSection(ExtensibilityGlobals) = postSolution
		SolutionGuid = {58F319D4-3265-4D09-AF20-0369C2779C90}
	EndGlobalSection
EndGlobal
